
Microsoft Visual Studio Solution File, Format Version 12.00
# Visual Studio Version 17
VisualStudioVersion = 17.0.32126.317
MinimumVisualStudioVersion = 10.0.40219.1
Project("{FAE04EC0-301F-11D3-BF4B-00C04F79EFBC}") = "web first", "web first.csproj", "{64ACB9D2-51BF-47DA-94B3-394A04A18BC5}"
EndProject
Global
	GlobalSection(SolutionConfigurationPlatforms) = preSolution
		Debug|Any CPU = Debug|Any CPU
		Release|Any CPU = Release|Any CPU
	EndGlobalSection
	GlobalSection(ProjectConfigurationPlatforms) = postSolution
		{64ACB9D2-51BF-47DA-94B3-394A04A18BC5}.Debug|Any CPU.ActiveCfg = Debug|Any CPU
		{64ACB9D2-51BF-47DA-94B3-394A04A18BC5}.Debug|Any CPU.Build.0 = Debug|Any CPU
		{64ACB9D2-51BF-47DA-94B3-394A04A18BC5}.Release|Any CPU.ActiveCfg = Release|Any CPU
		{64ACB9D2-51BF-47DA-94B3-394A04A18BC5}.Release|Any CPU.Build.0 = Release|Any CPU
	EndGlobalSection
	GlobalSection(SolutionProperties) = preSolution
		HideSolutionNode = FALSE
	EndGlobalSection
	GlobalSection(ExtensibilityGlobals) = postSolution
		SolutionGuid = {52B6281A-A833-48AF-8189-F405B08FC227}
	EndGlobalSection
EndGlobal
